
Microsoft Visual Studio Solution File, Format Version 12.00
# Visual Studio Version 16
VisualStudioVersion = 16.0.30104.148
MinimumVisualStudioVersion = 10.0.40219.1
Project("{FAE04EC0-301F-11D3-BF4B-00C04F79EFBC}") = "ITI.WhatsLearn.Entities", "ITI.WhatsLearn.Entities\ITI.WhatsLearn.Entities.csproj", "{D6B1BE35-2000-42A3-B3C8-834D0E8D7AB0}"
EndProject
Project("{FAE04EC0-301F-11D3-BF4B-00C04F79EFBC}") = "ITI.WhatsLearnServices", "ITI.WhatsLearnServices\ITI.WhatsLearnServices.csproj", "{E32D8CF6-328C-4917-AEF9-91AC6E3DC11E}"
EndProject
Project("{FAE04EC0-301F-11D3-BF4B-00C04F79EFBC}") = "ITI.WhatsLearn.ViewModel", "ITI.WhatsLearn.ViewModel\ITI.WhatsLearn.ViewModel.csproj", "{C3D1E8DE-7607-4226-8EE4-52DA9ACCFB8E}"
EndProject
Project("{FAE04EC0-301F-11D3-BF4B-00C04F79EFBC}") = "ITI.WhatsLearn.Reposatories", "ITI.WhatsLearn.Reposatories\ITI.WhatsLearn.Reposatories.csproj", "{4D4F2C21-611B-4316-96F3-5ACE123737FE}"
EndProject
Project("{FAE04EC0-301F-11D3-BF4B-00C04F79EFBC}") = "ITI.WhatsLearn.Presentation", "ITI.WhatsLearn.Presentation\ITI.WhatsLearn.Presentation.csproj", "{D3F74059-4302-4BDE-8251-773356775D4C}"
EndProject
Global
	GlobalSection(SolutionConfigurationPlatforms) = preSolution
		Debug|Any CPU = Debug|Any CPU
		Release|Any CPU = Release|Any CPU
	EndGlobalSection
	GlobalSection(ProjectConfigurationPlatforms) = postSolution
		{D6B1BE35-2000-42A3-B3C8-834D0E8D7AB0}.Debug|Any CPU.ActiveCfg = Debug|Any CPU
		{D6B1BE35-2000-42A3-B3C8-834D0E8D7AB0}.Debug|Any CPU.Build.0 = Debug|Any CPU
		{D6B1BE35-2000-42A3-B3C8-834D0E8D7AB0}.Release|Any CPU.ActiveCfg = Release|Any CPU
		{D6B1BE35-2000-42A3-B3C8-834D0E8D7AB0}.Release|Any CPU.Build.0 = Release|Any CPU
		{E32D8CF6-328C-4917-AEF9-91AC6E3DC11E}.Debug|Any CPU.ActiveCfg = Debug|Any CPU
		{E32D8CF6-328C-4917-AEF9-91AC6E3DC11E}.Debug|Any CPU.Build.0 = Debug|Any CPU
		{E32D8CF6-328C-4917-AEF9-91AC6E3DC11E}.Release|Any CPU.ActiveCfg = Release|Any CPU
		{E32D8CF6-328C-4917-AEF9-91AC6E3DC11E}.Release|Any CPU.Build.0 = Release|Any CPU
		{C3D1E8DE-7607-4226-8EE4-52DA9ACCFB8E}.Debug|Any CPU.ActiveCfg = Debug|Any CPU
		{C3D1E8DE-7607-4226-8EE4-52DA9ACCFB8E}.Debug|Any CPU.Build.0 = Debug|Any CPU
		{C3D1E8DE-7607-4226-8EE4-52DA9ACCFB8E}.Release|Any CPU.ActiveCfg = Release|Any CPU
		{C3D1E8DE-7607-4226-8EE4-52DA9ACCFB8E}.Release|Any CPU.Build.0 = Release|Any CPU
		{4D4F2C21-611B-4316-96F3-5ACE123737FE}.Debug|Any CPU.ActiveCfg = Debug|Any CPU
		{4D4F2C21-611B-4316-96F3-5ACE123737FE}.Debug|Any CPU.Build.0 = Debug|Any CPU
		{4D4F2C21-611B-4316-96F3-5ACE123737FE}.Release|Any CPU.ActiveCfg = Release|Any CPU
		{4D4F2C21-611B-4316-96F3-5ACE123737FE}.Release|Any CPU.Build.0 = Release|Any CPU
		{D3F74059-4302-4BDE-8251-773356775D4C}.Debug|Any CPU.ActiveCfg = Debug|Any CPU
		{D3F74059-4302-4BDE-8251-773356775D4C}.Debug|Any CPU.Build.0 = Debug|Any CPU
		{D3F74059-4302-4BDE-8251-773356775D4C}.Release|Any CPU.ActiveCfg = Release|Any CPU
		{D3F74059-4302-4BDE-8251-773356775D4C}.Release|Any CPU.Build.0 = Release|Any CPU
	EndGlobalSection
	GlobalSection(SolutionProperties) = preSolution
		HideSolutionNode = FALSE
	EndGlobalSection
	GlobalSection(ExtensibilityGlobals) = postSolution
		SolutionGuid = {9EAA4F5F-20E7-497A-B48C-7B48709EF0BD}
	EndGlobalSection
EndGlobal
