
Microsoft Visual Studio Solution File, Format Version 12.00
# Visual Studio Version 16
VisualStudioVersion = 16.0.30104.148
MinimumVisualStudioVersion = 10.0.40219.1
Project("{FAE04EC0-301F-11D3-BF4B-00C04F79EFBC}") = "ITI.What'sLearn.Entities", "ITI.What'sLearn.Entities\ITI.What'sLearn.Entities.csproj", "{F2644090-F229-4F37-9847-8D2447BC849E}"
EndProject
Project("{FAE04EC0-301F-11D3-BF4B-00C04F79EFBC}") = "ITI.What'sLearn.Reposatories", "ITI.What'sLearn.Reposatories\ITI.What'sLearn.Reposatories.csproj", "{77D78855-FC4F-4980-926D-1D199E05676E}"
EndProject
Project("{FAE04EC0-301F-11D3-BF4B-00C04F79EFBC}") = "ITI.What'sLearn.Services", "ITI.What'sLearn.Services\ITI.What'sLearn.Services.csproj", "{3ED95AD0-25B0-4C83-A710-9ECB56A1652E}"
EndProject
Project("{FAE04EC0-301F-11D3-BF4B-00C04F79EFBC}") = "ITI.What'sLearn.ViewModels", "ITI.What'sLearn.ViewModels\ITI.What'sLearn.ViewModels.csproj", "{6AA40892-37E3-41AD-BAE4-5AA0C883E36F}"
EndProject
Project("{FAE04EC0-301F-11D3-BF4B-00C04F79EFBC}") = "ITI.What'sLearn.Presentations", "ITI.What'sLearn.Presentations\ITI.What'sLearn.Presentations.csproj", "{C20FE78F-37C1-4400-8A02-86D669021DFA}"
EndProject
Global
	GlobalSection(SolutionConfigurationPlatforms) = preSolution
		Debug|Any CPU = Debug|Any CPU
		Release|Any CPU = Release|Any CPU
	EndGlobalSection
	GlobalSection(ProjectConfigurationPlatforms) = postSolution
		{F2644090-F229-4F37-9847-8D2447BC849E}.Debug|Any CPU.ActiveCfg = Debug|Any CPU
		{F2644090-F229-4F37-9847-8D2447BC849E}.Debug|Any CPU.Build.0 = Debug|Any CPU
		{F2644090-F229-4F37-9847-8D2447BC849E}.Release|Any CPU.ActiveCfg = Release|Any CPU
		{F2644090-F229-4F37-9847-8D2447BC849E}.Release|Any CPU.Build.0 = Release|Any CPU
		{77D78855-FC4F-4980-926D-1D199E05676E}.Debug|Any CPU.ActiveCfg = Debug|Any CPU
		{77D78855-FC4F-4980-926D-1D199E05676E}.Debug|Any CPU.Build.0 = Debug|Any CPU
		{77D78855-FC4F-4980-926D-1D199E05676E}.Release|Any CPU.ActiveCfg = Release|Any CPU
		{77D78855-FC4F-4980-926D-1D199E05676E}.Release|Any CPU.Build.0 = Release|Any CPU
		{3ED95AD0-25B0-4C83-A710-9ECB56A1652E}.Debug|Any CPU.ActiveCfg = Debug|Any CPU
		{3ED95AD0-25B0-4C83-A710-9ECB56A1652E}.Debug|Any CPU.Build.0 = Debug|Any CPU
		{3ED95AD0-25B0-4C83-A710-9ECB56A1652E}.Release|Any CPU.ActiveCfg = Release|Any CPU
		{3ED95AD0-25B0-4C83-A710-9ECB56A1652E}.Release|Any CPU.Build.0 = Release|Any CPU
		{6AA40892-37E3-41AD-BAE4-5AA0C883E36F}.Debug|Any CPU.ActiveCfg = Debug|Any CPU
		{6AA40892-37E3-41AD-BAE4-5AA0C883E36F}.Debug|Any CPU.Build.0 = Debug|Any CPU
		{6AA40892-37E3-41AD-BAE4-5AA0C883E36F}.Release|Any CPU.ActiveCfg = Release|Any CPU
		{6AA40892-37E3-41AD-BAE4-5AA0C883E36F}.Release|Any CPU.Build.0 = Release|Any CPU
		{C20FE78F-37C1-4400-8A02-86D669021DFA}.Debug|Any CPU.ActiveCfg = Debug|Any CPU
		{C20FE78F-37C1-4400-8A02-86D669021DFA}.Debug|Any CPU.Build.0 = Debug|Any CPU
		{C20FE78F-37C1-4400-8A02-86D669021DFA}.Release|Any CPU.ActiveCfg = Release|Any CPU
		{C20FE78F-37C1-4400-8A02-86D669021DFA}.Release|Any CPU.Build.0 = Release|Any CPU
	EndGlobalSection
	GlobalSection(SolutionProperties) = preSolution
		HideSolutionNode = FALSE
	EndGlobalSection
	GlobalSection(ExtensibilityGlobals) = postSolution
		SolutionGuid = {9EAA4F5F-20E7-497A-B48C-7B48709EF0BD}
	EndGlobalSection
EndGlobal
